// !$*UTF8*$!
{
	archiveVersion = 1;
	classes = {
	};
	objectVersion = 50;
	objects = {

/* Begin PBXBuildFile section */
		8CA6B6C425A46405003DA132 /* AppDelegate.swift in Sources */ = {isa = PBXBuildFile; fileRef = 8CA6B6C325A46405003DA132 /* AppDelegate.swift */; };
		8CA6B6C625A46405003DA132 /* SceneDelegate.swift in Sources */ = {isa = PBXBuildFile; fileRef = 8CA6B6C525A46405003DA132 /* SceneDelegate.swift */; };
		8CA6B6C825A46405003DA132 /* ViewController.swift in Sources */ = {isa = PBXBuildFile; fileRef = 8CA6B6C725A46405003DA132 /* ViewController.swift */; };
		8CA6B6CB25A46405003DA132 /* Main.storyboard in Resources */ = {isa = PBXBuildFile; fileRef = 8CA6B6C925A46405003DA132 /* Main.storyboard */; };
		8CA6B6CD25A46406003DA132 /* Assets.xcassets in Resources */ = {isa = PBXBuildFile; fileRef = 8CA6B6CC25A46406003DA132 /* Assets.xcassets */; };
		8CA6B6D025A46406003DA132 /* LaunchScreen.storyboard in Resources */ = {isa = PBXBuildFile; fileRef = 8CA6B6CE25A46406003DA132 /* LaunchScreen.storyboard */; };
		8CA6B6DB25A46406003DA132 /* ContinuousIntegrationTestsTests.swift in Sources */ = {isa = PBXBuildFile; fileRef = 8CA6B6DA25A46406003DA132 /* ContinuousIntegrationTestsTests.swift */; };
		8CA6B6E625A46406003DA132 /* ContinuousIntegrationTestsUITests.swift in Sources */ = {isa = PBXBuildFile; fileRef = 8CA6B6E525A46406003DA132 /* ContinuousIntegrationTestsUITests.swift */; };
		8CD0A55A25A4BD150091A770 /* main.swift in Sources */ = {isa = PBXBuildFile; fileRef = 8CD0A55925A4BD150091A770 /* main.swift */; };
		8CD0A55F25A4BD6C0091A770 /* TestingAppDelegate.swift in Sources */ = {isa = PBXBuildFile; fileRef = 8CD0A55E25A4BD6C0091A770 /* TestingAppDelegate.swift */; };
		8CD0A56525A4BF3C0091A770 /* CoreData1.swift in Sources */ = {isa = PBXBuildFile; fileRef = 8CD0A56425A4BF3C0091A770 /* CoreData1.swift */; };
		8CD0A56D25A4C0960091A770 /* CoreData2.swift in Sources */ = {isa = PBXBuildFile; fileRef = 8CD0A56C25A4C0960091A770 /* CoreData2.swift */; };
		8CD0A57325A4C39E0091A770 /* Complesity.swift in Sources */ = {isa = PBXBuildFile; fileRef = 8CD0A57225A4C39E0091A770 /* Complesity.swift */; };
		8CD0A57C25A4C5CD0091A770 /* Tailor.swift in Sources */ = {isa = PBXBuildFile; fileRef = 8CD0A57B25A4C5CD0091A770 /* Tailor.swift */; };
/* End PBXBuildFile section */

/* Begin PBXContainerItemProxy section */
		8CA6B6D725A46406003DA132 /* PBXContainerItemProxy */ = {
			isa = PBXContainerItemProxy;
			containerPortal = 8CA6B6B825A46405003DA132 /* Project object */;
			proxyType = 1;
			remoteGlobalIDString = 8CA6B6BF25A46405003DA132;
			remoteInfo = ContinuousIntegrationTests;
		};
		8CA6B6E225A46406003DA132 /* PBXContainerItemProxy */ = {
			isa = PBXContainerItemProxy;
			containerPortal = 8CA6B6B825A46405003DA132 /* Project object */;
			proxyType = 1;
			remoteGlobalIDString = 8CA6B6BF25A46405003DA132;
			remoteInfo = ContinuousIntegrationTests;
		};
/* End PBXContainerItemProxy section */

/* Begin PBXFileReference section */
		8CA6B6C025A46405003DA132 /* ContinuousIntegrationTests.app */ = {isa = PBXFileReference; explicitFileType = wrapper.application; includeInIndex = 0; path = ContinuousIntegrationTests.app; sourceTree = BUILT_PRODUCTS_DIR; };
		8CA6B6C325A46405003DA132 /* AppDelegate.swift */ = {isa = PBXFileReference; lastKnownFileType = sourcecode.swift; path = AppDelegate.swift; sourceTree = "<group>"; };
		8CA6B6C525A46405003DA132 /* SceneDelegate.swift */ = {isa = PBXFileReference; lastKnownFileType = sourcecode.swift; path = SceneDelegate.swift; sourceTree = "<group>"; };
		8CA6B6C725A46405003DA132 /* ViewController.swift */ = {isa = PBXFileReference; lastKnownFileType = sourcecode.swift; path = ViewController.swift; sourceTree = "<group>"; };
		8CA6B6CA25A46405003DA132 /* Base */ = {isa = PBXFileReference; lastKnownFileType = file.storyboard; name = Base; path = Base.lproj/Main.storyboard; sourceTree = "<group>"; };
		8CA6B6CC25A46406003DA132 /* Assets.xcassets */ = {isa = PBXFileReference; lastKnownFileType = folder.assetcatalog; path = Assets.xcassets; sourceTree = "<group>"; };
		8CA6B6CF25A46406003DA132 /* Base */ = {isa = PBXFileReference; lastKnownFileType = file.storyboard; name = Base; path = Base.lproj/LaunchScreen.storyboard; sourceTree = "<group>"; };
		8CA6B6D125A46406003DA132 /* Info.plist */ = {isa = PBXFileReference; lastKnownFileType = text.plist.xml; path = Info.plist; sourceTree = "<group>"; };
		8CA6B6D625A46406003DA132 /* ContinuousIntegrationTestsTests.xctest */ = {isa = PBXFileReference; explicitFileType = wrapper.cfbundle; includeInIndex = 0; path = ContinuousIntegrationTestsTests.xctest; sourceTree = BUILT_PRODUCTS_DIR; };
		8CA6B6DA25A46406003DA132 /* ContinuousIntegrationTestsTests.swift */ = {isa = PBXFileReference; lastKnownFileType = sourcecode.swift; path = ContinuousIntegrationTestsTests.swift; sourceTree = "<group>"; };
		8CA6B6DC25A46406003DA132 /* Info.plist */ = {isa = PBXFileReference; lastKnownFileType = text.plist.xml; path = Info.plist; sourceTree = "<group>"; };
		8CA6B6E125A46406003DA132 /* ContinuousIntegrationTestsUITests.xctest */ = {isa = PBXFileReference; explicitFileType = wrapper.cfbundle; includeInIndex = 0; path = ContinuousIntegrationTestsUITests.xctest; sourceTree = BUILT_PRODUCTS_DIR; };
		8CA6B6E525A46406003DA132 /* ContinuousIntegrationTestsUITests.swift */ = {isa = PBXFileReference; lastKnownFileType = sourcecode.swift; path = ContinuousIntegrationTestsUITests.swift; sourceTree = "<group>"; };
		8CA6B6E725A46406003DA132 /* Info.plist */ = {isa = PBXFileReference; lastKnownFileType = text.plist.xml; path = Info.plist; sourceTree = "<group>"; };
		8CD0A55925A4BD150091A770 /* main.swift */ = {isa = PBXFileReference; fileEncoding = 4; lastKnownFileType = sourcecode.swift; path = main.swift; sourceTree = "<group>"; };
		8CD0A55E25A4BD6C0091A770 /* TestingAppDelegate.swift */ = {isa = PBXFileReference; fileEncoding = 4; lastKnownFileType = sourcecode.swift; path = TestingAppDelegate.swift; sourceTree = "<group>"; };
		8CD0A56425A4BF3C0091A770 /* CoreData1.swift */ = {isa = PBXFileReference; lastKnownFileType = sourcecode.swift; path = CoreData1.swift; sourceTree = "<group>"; };
		8CD0A56C25A4C0960091A770 /* CoreData2.swift */ = {isa = PBXFileReference; lastKnownFileType = sourcecode.swift; path = CoreData2.swift; sourceTree = "<group>"; };
		8CD0A57225A4C39E0091A770 /* Complesity.swift */ = {isa = PBXFileReference; lastKnownFileType = sourcecode.swift; path = Complesity.swift; sourceTree = "<group>"; };
		8CD0A57B25A4C5CD0091A770 /* Tailor.swift */ = {isa = PBXFileReference; lastKnownFileType = sourcecode.swift; path = Tailor.swift; sourceTree = "<group>"; };
/* End PBXFileReference section */

/* Begin PBXFrameworksBuildPhase section */
		8CA6B6BD25A46405003DA132 /* Frameworks */ = {
			isa = PBXFrameworksBuildPhase;
			buildActionMask = 2147483647;
			files = (
			);
			runOnlyForDeploymentPostprocessing = 0;
		};
		8CA6B6D325A46406003DA132 /* Frameworks */ = {
			isa = PBXFrameworksBuildPhase;
			buildActionMask = 2147483647;
			files = (
			);
			runOnlyForDeploymentPostprocessing = 0;
		};
		8CA6B6DE25A46406003DA132 /* Frameworks */ = {
			isa = PBXFrameworksBuildPhase;
			buildActionMask = 2147483647;
			files = (
			);
			runOnlyForDeploymentPostprocessing = 0;
		};
/* End PBXFrameworksBuildPhase section */

/* Begin PBXGroup section */
		8CA6B6B725A46405003DA132 = {
			isa = PBXGroup;
			children = (
				8CA6B6C225A46405003DA132 /* ContinuousIntegrationTests */,
				8CA6B6D925A46406003DA132 /* ContinuousIntegrationTestsTests */,
				8CA6B6E425A46406003DA132 /* ContinuousIntegrationTestsUITests */,
				8CA6B6C125A46405003DA132 /* Products */,
			);
			sourceTree = "<group>";
		};
		8CA6B6C125A46405003DA132 /* Products */ = {
			isa = PBXGroup;
			children = (
				8CA6B6C025A46405003DA132 /* ContinuousIntegrationTests.app */,
				8CA6B6D625A46406003DA132 /* ContinuousIntegrationTestsTests.xctest */,
				8CA6B6E125A46406003DA132 /* ContinuousIntegrationTestsUITests.xctest */,
			);
			name = Products;
			sourceTree = "<group>";
		};
		8CA6B6C225A46405003DA132 /* ContinuousIntegrationTests */ = {
			isa = PBXGroup;
			children = (
				8CD0A57A25A4C5C20091A770 /* Tailor */,
				8CD0A57125A4C3890091A770 /* Cyclomatic Complexity */,
				8CD0A56325A4BF2D0091A770 /* Repeat Code */,
				8CD0A55925A4BD150091A770 /* main.swift */,
				8CA6B6C325A46405003DA132 /* AppDelegate.swift */,
				8CA6B6C525A46405003DA132 /* SceneDelegate.swift */,
				8CA6B6C725A46405003DA132 /* ViewController.swift */,
				8CA6B6C925A46405003DA132 /* Main.storyboard */,
				8CA6B6CC25A46406003DA132 /* Assets.xcassets */,
				8CA6B6CE25A46406003DA132 /* LaunchScreen.storyboard */,
				8CA6B6D125A46406003DA132 /* Info.plist */,
			);
			path = ContinuousIntegrationTests;
			sourceTree = "<group>";
		};
		8CA6B6D925A46406003DA132 /* ContinuousIntegrationTestsTests */ = {
			isa = PBXGroup;
			children = (
				8CD0A55E25A4BD6C0091A770 /* TestingAppDelegate.swift */,
				8CA6B6DA25A46406003DA132 /* ContinuousIntegrationTestsTests.swift */,
				8CA6B6DC25A46406003DA132 /* Info.plist */,
			);
			path = ContinuousIntegrationTestsTests;
			sourceTree = "<group>";
		};
		8CA6B6E425A46406003DA132 /* ContinuousIntegrationTestsUITests */ = {
			isa = PBXGroup;
			children = (
				8CA6B6E525A46406003DA132 /* ContinuousIntegrationTestsUITests.swift */,
				8CA6B6E725A46406003DA132 /* Info.plist */,
			);
			path = ContinuousIntegrationTestsUITests;
			sourceTree = "<group>";
		};
		8CD0A56325A4BF2D0091A770 /* Repeat Code */ = {
			isa = PBXGroup;
			children = (
				8CD0A56425A4BF3C0091A770 /* CoreData1.swift */,
				8CD0A56C25A4C0960091A770 /* CoreData2.swift */,
			);
			path = "Repeat Code";
			sourceTree = "<group>";
		};
		8CD0A57125A4C3890091A770 /* Cyclomatic Complexity */ = {
			isa = PBXGroup;
			children = (
				8CD0A57225A4C39E0091A770 /* Complesity.swift */,
			);
			path = "Cyclomatic Complexity";
			sourceTree = "<group>";
		};
		8CD0A57A25A4C5C20091A770 /* Tailor */ = {
			isa = PBXGroup;
			children = (
				8CD0A57B25A4C5CD0091A770 /* Tailor.swift */,
			);
			path = Tailor;
			sourceTree = "<group>";
		};
/* End PBXGroup section */

/* Begin PBXNativeTarget section */
		8CA6B6BF25A46405003DA132 /* ContinuousIntegrationTests */ = {
			isa = PBXNativeTarget;
			buildConfigurationList = 8CA6B6EA25A46406003DA132 /* Build configuration list for PBXNativeTarget "ContinuousIntegrationTests" */;
			buildPhases = (
				8CD0A55325A4BAF90091A770 /* Lint */,
				8CA6B6BC25A46405003DA132 /* Sources */,
				8CA6B6BD25A46405003DA132 /* Frameworks */,
				8CA6B6BE25A46405003DA132 /* Resources */,
			);
			buildRules = (
			);
			dependencies = (
			);
			name = ContinuousIntegrationTests;
			productName = ContinuousIntegrationTests;
			productReference = 8CA6B6C025A46405003DA132 /* ContinuousIntegrationTests.app */;
			productType = "com.apple.product-type.application";
		};
		8CA6B6D525A46406003DA132 /* ContinuousIntegrationTestsTests */ = {
			isa = PBXNativeTarget;
			buildConfigurationList = 8CA6B6ED25A46406003DA132 /* Build configuration list for PBXNativeTarget "ContinuousIntegrationTestsTests" */;
			buildPhases = (
				8CA6B6D225A46406003DA132 /* Sources */,
				8CA6B6D325A46406003DA132 /* Frameworks */,
				8CA6B6D425A46406003DA132 /* Resources */,
			);
			buildRules = (
			);
			dependencies = (
				8CA6B6D825A46406003DA132 /* PBXTargetDependency */,
			);
			name = ContinuousIntegrationTestsTests;
			productName = ContinuousIntegrationTestsTests;
			productReference = 8CA6B6D625A46406003DA132 /* ContinuousIntegrationTestsTests.xctest */;
			productType = "com.apple.product-type.bundle.unit-test";
		};
		8CA6B6E025A46406003DA132 /* ContinuousIntegrationTestsUITests */ = {
			isa = PBXNativeTarget;
			buildConfigurationList = 8CA6B6F025A46406003DA132 /* Build configuration list for PBXNativeTarget "ContinuousIntegrationTestsUITests" */;
			buildPhases = (
				8CA6B6DD25A46406003DA132 /* Sources */,
				8CA6B6DE25A46406003DA132 /* Frameworks */,
				8CA6B6DF25A46406003DA132 /* Resources */,
			);
			buildRules = (
			);
			dependencies = (
				8CA6B6E325A46406003DA132 /* PBXTargetDependency */,
			);
			name = ContinuousIntegrationTestsUITests;
			productName = ContinuousIntegrationTestsUITests;
			productReference = 8CA6B6E125A46406003DA132 /* ContinuousIntegrationTestsUITests.xctest */;
			productType = "com.apple.product-type.bundle.ui-testing";
		};
/* End PBXNativeTarget section */

/* Begin PBXProject section */
		8CA6B6B825A46405003DA132 /* Project object */ = {
			isa = PBXProject;
			attributes = {
				LastSwiftUpdateCheck = 1220;
				LastUpgradeCheck = 1220;
				TargetAttributes = {
					8CA6B6BF25A46405003DA132 = {
						CreatedOnToolsVersion = 12.2;
					};
					8CA6B6D525A46406003DA132 = {
						CreatedOnToolsVersion = 12.2;
						TestTargetID = 8CA6B6BF25A46405003DA132;
					};
					8CA6B6E025A46406003DA132 = {
						CreatedOnToolsVersion = 12.2;
						TestTargetID = 8CA6B6BF25A46405003DA132;
					};
				};
			};
			buildConfigurationList = 8CA6B6BB25A46405003DA132 /* Build configuration list for PBXProject "ContinuousIntegrationTests" */;
			compatibilityVersion = "Xcode 9.3";
			developmentRegion = en;
			hasScannedForEncodings = 0;
			knownRegions = (
				en,
				Base,
			);
			mainGroup = 8CA6B6B725A46405003DA132;
			productRefGroup = 8CA6B6C125A46405003DA132 /* Products */;
			projectDirPath = "";
			projectRoot = "";
			targets = (
				8CA6B6BF25A46405003DA132 /* ContinuousIntegrationTests */,
				8CA6B6D525A46406003DA132 /* ContinuousIntegrationTestsTests */,
				8CA6B6E025A46406003DA132 /* ContinuousIntegrationTestsUITests */,
			);
		};
/* End PBXProject section */

/* Begin PBXResourcesBuildPhase section */
		8CA6B6BE25A46405003DA132 /* Resources */ = {
			isa = PBXResourcesBuildPhase;
			buildActionMask = 2147483647;
			files = (
				8CA6B6D025A46406003DA132 /* LaunchScreen.storyboard in Resources */,
				8CA6B6CD25A46406003DA132 /* Assets.xcassets in Resources */,
				8CA6B6CB25A46405003DA132 /* Main.storyboard in Resources */,
			);
			runOnlyForDeploymentPostprocessing = 0;
		};
		8CA6B6D425A46406003DA132 /* Resources */ = {
			isa = PBXResourcesBuildPhase;
			buildActionMask = 2147483647;
			files = (
			);
			runOnlyForDeploymentPostprocessing = 0;
		};
		8CA6B6DF25A46406003DA132 /* Resources */ = {
			isa = PBXResourcesBuildPhase;
			buildActionMask = 2147483647;
			files = (
			);
			runOnlyForDeploymentPostprocessing = 0;
		};
/* End PBXResourcesBuildPhase section */

/* Begin PBXShellScriptBuildPhase section */
		8CD0A55325A4BAF90091A770 /* Lint */ = {
			isa = PBXShellScriptBuildPhase;
			buildActionMask = 2147483647;
			files = (
			);
			inputFileListPaths = (
			);
			inputPaths = (
			);
			name = Lint;
			outputFileListPaths = (
			);
			outputPaths = (
			);
			runOnlyForDeploymentPostprocessing = 0;
			shellPath = /bin/sh;
			shellScript = "if which swiftlint >/dev/null; then\n  swiftlint\nelse\n  echo \"warning: SwiftLint not installed, download from https://github.com/realm/SwiftLint\"\nfi\n";
		};
/* End PBXShellScriptBuildPhase section */

/* Begin PBXSourcesBuildPhase section */
		8CA6B6BC25A46405003DA132 /* Sources */ = {
			isa = PBXSourcesBuildPhase;
			buildActionMask = 2147483647;
			files = (
				8CA6B6C825A46405003DA132 /* ViewController.swift in Sources */,
				8CD0A56D25A4C0960091A770 /* CoreData2.swift in Sources */,
				8CD0A57C25A4C5CD0091A770 /* Tailor.swift in Sources */,
				8CD0A57325A4C39E0091A770 /* Complesity.swift in Sources */,
				8CA6B6C425A46405003DA132 /* AppDelegate.swift in Sources */,
				8CD0A55A25A4BD150091A770 /* main.swift in Sources */,
				8CA6B6C625A46405003DA132 /* SceneDelegate.swift in Sources */,
				8CD0A56525A4BF3C0091A770 /* CoreData1.swift in Sources */,
			);
			runOnlyForDeploymentPostprocessing = 0;
		};
		8CA6B6D225A46406003DA132 /* Sources */ = {
			isa = PBXSourcesBuildPhase;
			buildActionMask = 2147483647;
			files = (
				8CA6B6DB25A46406003DA132 /* ContinuousIntegrationTestsTests.swift in Sources */,
				8CD0A55F25A4BD6C0091A770 /* TestingAppDelegate.swift in Sources */,
			);
			runOnlyForDeploymentPostprocessing = 0;
		};
		8CA6B6DD25A46406003DA132 /* Sources */ = {
			isa = PBXSourcesBuildPhase;
			buildActionMask = 2147483647;
			files = (
				8CA6B6E625A46406003DA132 /* ContinuousIntegrationTestsUITests.swift in Sources */,
			);
			runOnlyForDeploymentPostprocessing = 0;
		};
/* End PBXSourcesBuildPhase section */

/* Begin PBXTargetDependency section */
		8CA6B6D825A46406003DA132 /* PBXTargetDependency */ = {
			isa = PBXTargetDependency;
			target = 8CA6B6BF25A46405003DA132 /* ContinuousIntegrationTests */;
			targetProxy = 8CA6B6D725A46406003DA132 /* PBXContainerItemProxy */;
		};
		8CA6B6E325A46406003DA132 /* PBXTargetDependency */ = {
			isa = PBXTargetDependency;
			target = 8CA6B6BF25A46405003DA132 /* ContinuousIntegrationTests */;
			targetProxy = 8CA6B6E225A46406003DA132 /* PBXContainerItemProxy */;
		};
/* End PBXTargetDependency section */

/* Begin PBXVariantGroup section */
		8CA6B6C925A46405003DA132 /* Main.storyboard */ = {
			isa = PBXVariantGroup;
			children = (
				8CA6B6CA25A46405003DA132 /* Base */,
			);
			name = Main.storyboard;
			sourceTree = "<group>";
		};
		8CA6B6CE25A46406003DA132 /* LaunchScreen.storyboard */ = {
			isa = PBXVariantGroup;
			children = (
				8CA6B6CF25A46406003DA132 /* Base */,
			);
			name = LaunchScreen.storyboard;
			sourceTree = "<group>";
		};
/* End PBXVariantGroup section */

/* Begin XCBuildConfiguration section */
		8CA6B6E825A46406003DA132 /* Debug */ = {
			isa = XCBuildConfiguration;
			buildSettings = {
				ALWAYS_SEARCH_USER_PATHS = NO;
				CLANG_ANALYZER_NONNULL = YES;
				CLANG_ANALYZER_NUMBER_OBJECT_CONVERSION = YES_AGGRESSIVE;
				CLANG_CXX_LANGUAGE_STANDARD = "gnu++14";
				CLANG_CXX_LIBRARY = "libc++";
				CLANG_ENABLE_MODULES = YES;
				CLANG_ENABLE_OBJC_ARC = YES;
				CLANG_ENABLE_OBJC_WEAK = YES;
				CLANG_WARN_BLOCK_CAPTURE_AUTORELEASING = YES;
				CLANG_WARN_BOOL_CONVERSION = YES;
				CLANG_WARN_COMMA = YES;
				CLANG_WARN_CONSTANT_CONVERSION = YES;
				CLANG_WARN_DEPRECATED_OBJC_IMPLEMENTATIONS = YES;
				CLANG_WARN_DIRECT_OBJC_ISA_USAGE = YES_ERROR;
				CLANG_WARN_DOCUMENTATION_COMMENTS = YES;
				CLANG_WARN_EMPTY_BODY = YES;
				CLANG_WARN_ENUM_CONVERSION = YES;
				CLANG_WARN_INFINITE_RECURSION = YES;
				CLANG_WARN_INT_CONVERSION = YES;
				CLANG_WARN_NON_LITERAL_NULL_CONVERSION = YES;
				CLANG_WARN_OBJC_IMPLICIT_RETAIN_SELF = YES;
				CLANG_WARN_OBJC_LITERAL_CONVERSION = YES;
				CLANG_WARN_OBJC_ROOT_CLASS = YES_ERROR;
				CLANG_WARN_QUOTED_INCLUDE_IN_FRAMEWORK_HEADER = YES;
				CLANG_WARN_RANGE_LOOP_ANALYSIS = YES;
				CLANG_WARN_STRICT_PROTOTYPES = YES;
				CLANG_WARN_SUSPICIOUS_MOVE = YES;
				CLANG_WARN_UNGUARDED_AVAILABILITY = YES_AGGRESSIVE;
				CLANG_WARN_UNREACHABLE_CODE = YES;
				CLANG_WARN__DUPLICATE_METHOD_MATCH = YES;
				COPY_PHASE_STRIP = NO;
				DEBUG_INFORMATION_FORMAT = dwarf;
				ENABLE_STRICT_OBJC_MSGSEND = YES;
				ENABLE_TESTABILITY = YES;
				GCC_C_LANGUAGE_STANDARD = gnu11;
				GCC_DYNAMIC_NO_PIC = NO;
				GCC_NO_COMMON_BLOCKS = YES;
				GCC_OPTIMIZATION_LEVEL = 0;
				GCC_PREPROCESSOR_DEFINITIONS = (
					"DEBUG=1",
					"$(inherited)",
				);
				GCC_WARN_64_TO_32_BIT_CONVERSION = YES;
				GCC_WARN_ABOUT_RETURN_TYPE = YES_ERROR;
				GCC_WARN_UNDECLARED_SELECTOR = YES;
				GCC_WARN_UNINITIALIZED_AUTOS = YES_AGGRESSIVE;
				GCC_WARN_UNUSED_FUNCTION = YES;
				GCC_WARN_UNUSED_VARIABLE = YES;
				IPHONEOS_DEPLOYMENT_TARGET = 14.2;
				MTL_ENABLE_DEBUG_INFO = INCLUDE_SOURCE;
				MTL_FAST_MATH = YES;
				ONLY_ACTIVE_ARCH = YES;
				SDKROOT = iphoneos;
				SWIFT_ACTIVE_COMPILATION_CONDITIONS = DEBUG;
				SWIFT_OPTIMIZATION_LEVEL = "-Onone";
			};
			name = Debug;
		};
		8CA6B6E925A46406003DA132 /* Release */ = {
			isa = XCBuildConfiguration;
			buildSettings = {
				ALWAYS_SEARCH_USER_PATHS = NO;
				CLANG_ANALYZER_NONNULL = YES;
				CLANG_ANALYZER_NUMBER_OBJECT_CONVERSION = YES_AGGRESSIVE;
				CLANG_CXX_LANGUAGE_STANDARD = "gnu++14";
				CLANG_CXX_LIBRARY = "libc++";
				CLANG_ENABLE_MODULES = YES;
				CLANG_ENABLE_OBJC_ARC = YES;
				CLANG_ENABLE_OBJC_WEAK = YES;
				CLANG_WARN_BLOCK_CAPTURE_AUTORELEASING = YES;
				CLANG_WARN_BOOL_CONVERSION = YES;
				CLANG_WARN_COMMA = YES;
				CLANG_WARN_CONSTANT_CONVERSION = YES;
				CLANG_WARN_DEPRECATED_OBJC_IMPLEMENTATIONS = YES;
				CLANG_WARN_DIRECT_OBJC_ISA_USAGE = YES_ERROR;
				CLANG_WARN_DOCUMENTATION_COMMENTS = YES;
				CLANG_WARN_EMPTY_BODY = YES;
				CLANG_WARN_ENUM_CONVERSION = YES;
				CLANG_WARN_INFINITE_RECURSION = YES;
				CLANG_WARN_INT_CONVERSION = YES;
				CLANG_WARN_NON_LITERAL_NULL_CONVERSION = YES;
				CLANG_WARN_OBJC_IMPLICIT_RETAIN_SELF = YES;
				CLANG_WARN_OBJC_LITERAL_CONVERSION = YES;
				CLANG_WARN_OBJC_ROOT_CLASS = YES_ERROR;
				CLANG_WARN_QUOTED_INCLUDE_IN_FRAMEWORK_HEADER = YES;
				CLANG_WARN_RANGE_LOOP_ANALYSIS = YES;
				CLANG_WARN_STRICT_PROTOTYPES = YES;
				CLANG_WARN_SUSPICIOUS_MOVE = YES;
				CLANG_WARN_UNGUARDED_AVAILABILITY = YES_AGGRESSIVE;
				CLANG_WARN_UNREACHABLE_CODE = YES;
				CLANG_WARN__DUPLICATE_METHOD_MATCH = YES;
				COPY_PHASE_STRIP = NO;
				DEBUG_INFORMATION_FORMAT = "dwarf-with-dsym";
				ENABLE_NS_ASSERTIONS = NO;
				ENABLE_STRICT_OBJC_MSGSEND = YES;
				GCC_C_LANGUAGE_STANDARD = gnu11;
				GCC_NO_COMMON_BLOCKS = YES;
				GCC_WARN_64_TO_32_BIT_CONVERSION = YES;
				GCC_WARN_ABOUT_RETURN_TYPE = YES_ERROR;
				GCC_WARN_UNDECLARED_SELECTOR = YES;
				GCC_WARN_UNINITIALIZED_AUTOS = YES_AGGRESSIVE;
				GCC_WARN_UNUSED_FUNCTION = YES;
				GCC_WARN_UNUSED_VARIABLE = YES;
				IPHONEOS_DEPLOYMENT_TARGET = 14.2;
				MTL_ENABLE_DEBUG_INFO = NO;
				MTL_FAST_MATH = YES;
				SDKROOT = iphoneos;
				SWIFT_COMPILATION_MODE = wholemodule;
				SWIFT_OPTIMIZATION_LEVEL = "-O";
				VALIDATE_PRODUCT = YES;
			};
			name = Release;
		};
		8CA6B6EB25A46406003DA132 /* Debug */ = {
			isa = XCBuildConfiguration;
			buildSettings = {
				ASSETCATALOG_COMPILER_APPICON_NAME = AppIcon;
				ASSETCATALOG_COMPILER_GLOBAL_ACCENT_COLOR_NAME = AccentColor;
				CODE_SIGN_STYLE = Automatic;
				INFOPLIST_FILE = ContinuousIntegrationTests/Info.plist;
				LD_RUNPATH_SEARCH_PATHS = (
					"$(inherited)",
					"@executable_path/Frameworks",
				);
				PRODUCT_BUNDLE_IDENTIFIER = es.molestudio.ContinuousIntegrationTests;
				PRODUCT_NAME = "$(TARGET_NAME)";
				SWIFT_VERSION = 5.0;
				TARGETED_DEVICE_FAMILY = "1,2";
			};
			name = Debug;
		};
		8CA6B6EC25A46406003DA132 /* Release */ = {
			isa = XCBuildConfiguration;
			buildSettings = {
				ASSETCATALOG_COMPILER_APPICON_NAME = AppIcon;
				ASSETCATALOG_COMPILER_GLOBAL_ACCENT_COLOR_NAME = AccentColor;
				CODE_SIGN_STYLE = Automatic;
				INFOPLIST_FILE = ContinuousIntegrationTests/Info.plist;
				LD_RUNPATH_SEARCH_PATHS = (
					"$(inherited)",
					"@executable_path/Frameworks",
				);
				PRODUCT_BUNDLE_IDENTIFIER = es.molestudio.ContinuousIntegrationTests;
				PRODUCT_NAME = "$(TARGET_NAME)";
				SWIFT_VERSION = 5.0;
				TARGETED_DEVICE_FAMILY = "1,2";
			};
			name = Release;
		};
		8CA6B6EE25A46406003DA132 /* Debug */ = {
			isa = XCBuildConfiguration;
			buildSettings = {
				ALWAYS_EMBED_SWIFT_STANDARD_LIBRARIES = YES;
				BUNDLE_LOADER = "$(TEST_HOST)";
				CODE_SIGN_STYLE = Automatic;
				INFOPLIST_FILE = ContinuousIntegrationTestsTests/Info.plist;
				IPHONEOS_DEPLOYMENT_TARGET = 14.2;
				LD_RUNPATH_SEARCH_PATHS = (
					"$(inherited)",
					"@executable_path/Frameworks",
					"@loader_path/Frameworks",
				);
				PRODUCT_BUNDLE_IDENTIFIER = es.molestudio.ContinuousIntegrationTestsTests;
				PRODUCT_NAME = "$(TARGET_NAME)";
				SWIFT_VERSION = 5.0;
				TARGETED_DEVICE_FAMILY = "1,2";
				TEST_HOST = "$(BUILT_PRODUCTS_DIR)/ContinuousIntegrationTests.app/ContinuousIntegrationTests";
			};
			name = Debug;
		};
		8CA6B6EF25A46406003DA132 /* Release */ = {
			isa = XCBuildConfiguration;
			buildSettings = {
				ALWAYS_EMBED_SWIFT_STANDARD_LIBRARIES = YES;
				BUNDLE_LOADER = "$(TEST_HOST)";
				CODE_SIGN_STYLE = Automatic;
				INFOPLIST_FILE = ContinuousIntegrationTestsTests/Info.plist;
				IPHONEOS_DEPLOYMENT_TARGET = 14.2;
				LD_RUNPATH_SEARCH_PATHS = (
					"$(inherited)",
					"@executable_path/Frameworks",
					"@loader_path/Frameworks",
				);
				PRODUCT_BUNDLE_IDENTIFIER = es.molestudio.ContinuousIntegrationTestsTests;
				PRODUCT_NAME = "$(TARGET_NAME)";
				SWIFT_VERSION = 5.0;
				TARGETED_DEVICE_FAMILY = "1,2";
				TEST_HOST = "$(BUILT_PRODUCTS_DIR)/ContinuousIntegrationTests.app/ContinuousIntegrationTests";
			};
			name = Release;
		};
		8CA6B6F125A46406003DA132 /* Debug */ = {
			isa = XCBuildConfiguration;
			buildSettings = {
				ALWAYS_EMBED_SWIFT_STANDARD_LIBRARIES = YES;
				CODE_SIGN_STYLE = Automatic;
				INFOPLIST_FILE = ContinuousIntegrationTestsUITests/Info.plist;
				LD_RUNPATH_SEARCH_PATHS = (
					"$(inherited)",
					"@executable_path/Frameworks",
					"@loader_path/Frameworks",
				);
				PRODUCT_BUNDLE_IDENTIFIER = es.molestudio.ContinuousIntegrationTestsUITests;
				PRODUCT_NAME = "$(TARGET_NAME)";
				SWIFT_VERSION = 5.0;
				TARGETED_DEVICE_FAMILY = "1,2";
				TEST_TARGET_NAME = ContinuousIntegrationTests;
			};
			name = Debug;
		};
		8CA6B6F225A46406003DA132 /* Release */ = {
			isa = XCBuildConfiguration;
			buildSettings = {
				ALWAYS_EMBED_SWIFT_STANDARD_LIBRARIES = YES;
				CODE_SIGN_STYLE = Automatic;
				INFOPLIST_FILE = ContinuousIntegrationTestsUITests/Info.plist;
				LD_RUNPATH_SEARCH_PATHS = (
					"$(inherited)",
					"@executable_path/Frameworks",
					"@loader_path/Frameworks",
				);
				PRODUCT_BUNDLE_IDENTIFIER = es.molestudio.ContinuousIntegrationTestsUITests;
				PRODUCT_NAME = "$(TARGET_NAME)";
				SWIFT_VERSION = 5.0;
				TARGETED_DEVICE_FAMILY = "1,2";
				TEST_TARGET_NAME = ContinuousIntegrationTests;
			};
			name = Release;
		};
/* End XCBuildConfiguration section */

/* Begin XCConfigurationList section */
		8CA6B6BB25A46405003DA132 /* Build configuration list for PBXProject "ContinuousIntegrationTests" */ = {
			isa = XCConfigurationList;
			buildConfigurations = (
				8CA6B6E825A46406003DA132 /* Debug */,
				8CA6B6E925A46406003DA132 /* Release */,
			);
			defaultConfigurationIsVisible = 0;
			defaultConfigurationName = Release;
		};
		8CA6B6EA25A46406003DA132 /* Build configuration list for PBXNativeTarget "ContinuousIntegrationTests" */ = {
			isa = XCConfigurationList;
			buildConfigurations = (
				8CA6B6EB25A46406003DA132 /* Debug */,
				8CA6B6EC25A46406003DA132 /* Release */,
			);
			defaultConfigurationIsVisible = 0;
			defaultConfigurationName = Release;
		};
		8CA6B6ED25A46406003DA132 /* Build configuration list for PBXNativeTarget "ContinuousIntegrationTestsTests" */ = {
			isa = XCConfigurationList;
			buildConfigurations = (
				8CA6B6EE25A46406003DA132 /* Debug */,
				8CA6B6EF25A46406003DA132 /* Release */,
			);
			defaultConfigurationIsVisible = 0;
			defaultConfigurationName = Release;
		};
		8CA6B6F025A46406003DA132 /* Build configuration list for PBXNativeTarget "ContinuousIntegrationTestsUITests" */ = {
			isa = XCConfigurationList;
			buildConfigurations = (
				8CA6B6F125A46406003DA132 /* Debug */,
				8CA6B6F225A46406003DA132 /* Release */,
			);
			defaultConfigurationIsVisible = 0;
			defaultConfigurationName = Release;
		};
/* End XCConfigurationList section */
	};
	rootObject = 8CA6B6B825A46405003DA132 /* Project object */;
}
